
Microsoft Visual Studio Solution File, Format Version 12.00
# Visual Studio 14
VisualStudioVersion = 14.0.25420.1
MinimumVisualStudioVersion = 10.0.40219.1
Project("{FAE04EC0-301F-11D3-BF4B-00C04F79EFBC}") = "Hello", "hello\Hello.csproj", "{6BBF3818-CB0C-4790-9B1C-FA34557D89F4}"
EndProject
Project("{FAE04EC0-301F-11D3-BF4B-00C04F79EFBC}") = "StudentDiary", "StudentDiary\StudentDiary.csproj", "{9EA8B4D3-B16F-4D24-9A7B-E9879E1E1C3E}"
EndProject
Project("{FAE04EC0-301F-11D3-BF4B-00C04F79EFBC}") = "Constructors", "Constructors\Constructors.csproj", "{FBC3D1DE-FF91-437C-B8E8-B20F501573E7}"
EndProject
Project("{FAE04EC0-301F-11D3-BF4B-00C04F79EFBC}") = "Odcinek10", "Odcinek10\Odcinek10.csproj", "{9580D068-E38A-4AD2-A3E0-511DFDE5392D}"
EndProject
Project("{FAE04EC0-301F-11D3-BF4B-00C04F79EFBC}") = "Typy.Tests", "Typy.Tests\Typy.Tests.csproj", "{3BF64A09-E8DE-498D-B6AC-C6853F7D1DEE}"
EndProject
Project("{FAE04EC0-301F-11D3-BF4B-00C04F79EFBC}") = "Typy", "Typy\Typy.csproj", "{26A1377F-CAC4-4739-9318-F7284B12FE38}"
EndProject
Project("{FAE04EC0-301F-11D3-BF4B-00C04F79EFBC}") = "Members", "Members\Members.csproj", "{08D9721E-E187-4C31-A4E2-FFF301763484}"
EndProject
Project("{FAE04EC0-301F-11D3-BF4B-00C04F79EFBC}") = "FlowControl", "FlowControl\FlowControl.csproj", "{D5CE21A3-02ED-4769-83C9-98D40B125C50}"
EndProject
Global
	GlobalSection(SolutionConfigurationPlatforms) = preSolution
		Debug|Any CPU = Debug|Any CPU
		Release|Any CPU = Release|Any CPU
	EndGlobalSection
	GlobalSection(ProjectConfigurationPlatforms) = postSolution
		{6BBF3818-CB0C-4790-9B1C-FA34557D89F4}.Debug|Any CPU.ActiveCfg = Debug|Any CPU
		{6BBF3818-CB0C-4790-9B1C-FA34557D89F4}.Debug|Any CPU.Build.0 = Debug|Any CPU
		{6BBF3818-CB0C-4790-9B1C-FA34557D89F4}.Release|Any CPU.ActiveCfg = Release|Any CPU
		{6BBF3818-CB0C-4790-9B1C-FA34557D89F4}.Release|Any CPU.Build.0 = Release|Any CPU
		{9EA8B4D3-B16F-4D24-9A7B-E9879E1E1C3E}.Debug|Any CPU.ActiveCfg = Debug|Any CPU
		{9EA8B4D3-B16F-4D24-9A7B-E9879E1E1C3E}.Debug|Any CPU.Build.0 = Debug|Any CPU
		{9EA8B4D3-B16F-4D24-9A7B-E9879E1E1C3E}.Release|Any CPU.ActiveCfg = Release|Any CPU
		{9EA8B4D3-B16F-4D24-9A7B-E9879E1E1C3E}.Release|Any CPU.Build.0 = Release|Any CPU
		{FBC3D1DE-FF91-437C-B8E8-B20F501573E7}.Debug|Any CPU.ActiveCfg = Debug|Any CPU
		{FBC3D1DE-FF91-437C-B8E8-B20F501573E7}.Debug|Any CPU.Build.0 = Debug|Any CPU
		{FBC3D1DE-FF91-437C-B8E8-B20F501573E7}.Release|Any CPU.ActiveCfg = Release|Any CPU
		{FBC3D1DE-FF91-437C-B8E8-B20F501573E7}.Release|Any CPU.Build.0 = Release|Any CPU
		{9580D068-E38A-4AD2-A3E0-511DFDE5392D}.Debug|Any CPU.ActiveCfg = Debug|Any CPU
		{9580D068-E38A-4AD2-A3E0-511DFDE5392D}.Debug|Any CPU.Build.0 = Debug|Any CPU
		{9580D068-E38A-4AD2-A3E0-511DFDE5392D}.Release|Any CPU.ActiveCfg = Release|Any CPU
		{9580D068-E38A-4AD2-A3E0-511DFDE5392D}.Release|Any CPU.Build.0 = Release|Any CPU
		{3BF64A09-E8DE-498D-B6AC-C6853F7D1DEE}.Debug|Any CPU.ActiveCfg = Debug|Any CPU
		{3BF64A09-E8DE-498D-B6AC-C6853F7D1DEE}.Debug|Any CPU.Build.0 = Debug|Any CPU
		{3BF64A09-E8DE-498D-B6AC-C6853F7D1DEE}.Release|Any CPU.ActiveCfg = Release|Any CPU
		{3BF64A09-E8DE-498D-B6AC-C6853F7D1DEE}.Release|Any CPU.Build.0 = Release|Any CPU
		{26A1377F-CAC4-4739-9318-F7284B12FE38}.Debug|Any CPU.ActiveCfg = Debug|Any CPU
		{26A1377F-CAC4-4739-9318-F7284B12FE38}.Debug|Any CPU.Build.0 = Debug|Any CPU
		{26A1377F-CAC4-4739-9318-F7284B12FE38}.Release|Any CPU.ActiveCfg = Release|Any CPU
		{26A1377F-CAC4-4739-9318-F7284B12FE38}.Release|Any CPU.Build.0 = Release|Any CPU
		{08D9721E-E187-4C31-A4E2-FFF301763484}.Debug|Any CPU.ActiveCfg = Debug|Any CPU
		{08D9721E-E187-4C31-A4E2-FFF301763484}.Debug|Any CPU.Build.0 = Debug|Any CPU
		{08D9721E-E187-4C31-A4E2-FFF301763484}.Release|Any CPU.ActiveCfg = Release|Any CPU
		{08D9721E-E187-4C31-A4E2-FFF301763484}.Release|Any CPU.Build.0 = Release|Any CPU
		{D5CE21A3-02ED-4769-83C9-98D40B125C50}.Debug|Any CPU.ActiveCfg = Debug|Any CPU
		{D5CE21A3-02ED-4769-83C9-98D40B125C50}.Debug|Any CPU.Build.0 = Debug|Any CPU
		{D5CE21A3-02ED-4769-83C9-98D40B125C50}.Release|Any CPU.ActiveCfg = Release|Any CPU
		{D5CE21A3-02ED-4769-83C9-98D40B125C50}.Release|Any CPU.Build.0 = Release|Any CPU
	EndGlobalSection
	GlobalSection(SolutionProperties) = preSolution
		HideSolutionNode = FALSE
	EndGlobalSection
EndGlobal
